
Microsoft Visual Studio Solution File, Format Version 12.00
# Visual Studio Version 16
VisualStudioVersion = 16.0.30413.136
MinimumVisualStudioVersion = 15.0.26124.0
Project("{FAE04EC0-301F-11D3-BF4B-00C04F79EFBC}") = "AzureUrlShortener.Functions", "AzureUrlShortener.Functions\AzureUrlShortener.Functions.csproj", "{759DD5DB-2969-48D4-9491-693B689C8E2E}"
EndProject
Global
	GlobalSection(SolutionConfigurationPlatforms) = preSolution
		Debug|Any CPU = Debug|Any CPU
		Release|Any CPU = Release|Any CPU
	EndGlobalSection
	GlobalSection(ProjectConfigurationPlatforms) = postSolution
		{759DD5DB-2969-48D4-9491-693B689C8E2E}.Debug|Any CPU.ActiveCfg = Debug|Any CPU
		{759DD5DB-2969-48D4-9491-693B689C8E2E}.Debug|Any CPU.Build.0 = Debug|Any CPU
		{759DD5DB-2969-48D4-9491-693B689C8E2E}.Release|Any CPU.ActiveCfg = Release|Any CPU
		{759DD5DB-2969-48D4-9491-693B689C8E2E}.Release|Any CPU.Build.0 = Release|Any CPU
	EndGlobalSection
	GlobalSection(SolutionProperties) = preSolution
		HideSolutionNode = FALSE
	EndGlobalSection
	GlobalSection(ExtensibilityGlobals) = postSolution
		SolutionGuid = {EA067DB7-E190-4810-A06E-55B1B4B8ED85}
	EndGlobalSection
EndGlobal
